# generated by rye
# use `rye lock` or `rye sync` to update this lockfile
#
# last locked with the following flags:
#   pre: false
#   features: []
#   all-features: false
#   with-sources: false
#   generate-hashes: false
#   universal: false

-e file:.
asgiref==3.9.1
    # via django
click==8.2.1
    # via uvicorn
colorama==0.4.6
    # via click
django==5.2.6
    # via djangorestframework
djangorestframework==3.16.1
    # via django-action
gunicorn==23.0.0
    # via django-action
h11==0.16.0
    # via uvicorn
imap-tools==1.11.0
    # via django-action
packaging==25.0
    # via gunicorn
sqlparse==0.5.3
    # via django
tzdata==2025.2
    # via django
uvicorn==0.35.0
    # via django-action
